
Microsoft Visual Studio Solution File, Format Version 12.00
# Visual Studio 15
VisualStudioVersion = 15.0.28307.421
MinimumVisualStudioVersion = 10.0.40219.1
Project("{FAE04EC0-301F-11D3-BF4B-00C04F79EFBC}") = "HaberSitesi", "HaberSitesi\HaberSitesi.csproj", "{E9C7DDE2-4824-436D-887B-68BC5B1CD42A}"
EndProject
Global
	GlobalSection(SolutionConfigurationPlatforms) = preSolution
		Debug|Any CPU = Debug|Any CPU
		Release|Any CPU = Release|Any CPU
	EndGlobalSection
	GlobalSection(ProjectConfigurationPlatforms) = postSolution
		{E9C7DDE2-4824-436D-887B-68BC5B1CD42A}.Debug|Any CPU.ActiveCfg = Debug|Any CPU
		{E9C7DDE2-4824-436D-887B-68BC5B1CD42A}.Debug|Any CPU.Build.0 = Debug|Any CPU
		{E9C7DDE2-4824-436D-887B-68BC5B1CD42A}.Release|Any CPU.ActiveCfg = Release|Any CPU
		{E9C7DDE2-4824-436D-887B-68BC5B1CD42A}.Release|Any CPU.Build.0 = Release|Any CPU
	EndGlobalSection
	GlobalSection(SolutionProperties) = preSolution
		HideSolutionNode = FALSE
	EndGlobalSection
	GlobalSection(ExtensibilityGlobals) = postSolution
		SolutionGuid = {49D28C31-6006-49F8-9492-57145B54E080}
	EndGlobalSection
EndGlobal
